
Microsoft Visual Studio Solution File, Format Version 12.00
# Visual Studio Version 17
VisualStudioVersion = 17.4.33110.190
MinimumVisualStudioVersion = 10.0.40219.1
Project("{FAE04EC0-301F-11D3-BF4B-00C04F79EFBC}") = "FindNemo", "FindNemo\FindNemo.csproj", "{B987D65D-C5F1-4D30-961C-D2C81913623E}"
EndProject
Global
	GlobalSection(SolutionConfigurationPlatforms) = preSolution
		Debug|Any CPU = Debug|Any CPU
		Release|Any CPU = Release|Any CPU
	EndGlobalSection
	GlobalSection(ProjectConfigurationPlatforms) = postSolution
		{B987D65D-C5F1-4D30-961C-D2C81913623E}.Debug|Any CPU.ActiveCfg = Debug|Any CPU
		{B987D65D-C5F1-4D30-961C-D2C81913623E}.Debug|Any CPU.Build.0 = Debug|Any CPU
		{B987D65D-C5F1-4D30-961C-D2C81913623E}.Release|Any CPU.ActiveCfg = Release|Any CPU
		{B987D65D-C5F1-4D30-961C-D2C81913623E}.Release|Any CPU.Build.0 = Release|Any CPU
	EndGlobalSection
	GlobalSection(SolutionProperties) = preSolution
		HideSolutionNode = FALSE
	EndGlobalSection
	GlobalSection(ExtensibilityGlobals) = postSolution
		SolutionGuid = {C7EF20D8-6F76-4094-81EF-0812EE368E03}
	EndGlobalSection
EndGlobal
